
Microsoft Visual Studio Solution File, Format Version 12.00
# Visual Studio 15
VisualStudioVersion = 15.0.26430.6
MinimumVisualStudioVersion = 10.0.40219.1
Project("{FAE04EC0-301F-11D3-BF4B-00C04F79EFBC}") = "FileVersionDifferenceChecker.WPF", "FileVersionDifferenceChecker\FileVersionDifferenceChecker.WPF.csproj", "{3F2B0E4B-BC50-4630-8512-290BF5A4C485}"
EndProject
Project("{FAE04EC0-301F-11D3-BF4B-00C04F79EFBC}") = "FileVersionDifferenceChecker.Core", "FileVersionDifferenceChecker.Core\FileVersionDifferenceChecker.Core.csproj", "{0505B1ED-5D14-4353-85E7-51F20D604907}"
EndProject
Global
	GlobalSection(SolutionConfigurationPlatforms) = preSolution
		Debug|Any CPU = Debug|Any CPU
		Release|Any CPU = Release|Any CPU
	EndGlobalSection
	GlobalSection(ProjectConfigurationPlatforms) = postSolution
		{3F2B0E4B-BC50-4630-8512-290BF5A4C485}.Debug|Any CPU.ActiveCfg = Debug|Any CPU
		{3F2B0E4B-BC50-4630-8512-290BF5A4C485}.Debug|Any CPU.Build.0 = Debug|Any CPU
		{3F2B0E4B-BC50-4630-8512-290BF5A4C485}.Release|Any CPU.ActiveCfg = Release|Any CPU
		{3F2B0E4B-BC50-4630-8512-290BF5A4C485}.Release|Any CPU.Build.0 = Release|Any CPU
		{0505B1ED-5D14-4353-85E7-51F20D604907}.Debug|Any CPU.ActiveCfg = Debug|Any CPU
		{0505B1ED-5D14-4353-85E7-51F20D604907}.Debug|Any CPU.Build.0 = Debug|Any CPU
		{0505B1ED-5D14-4353-85E7-51F20D604907}.Release|Any CPU.ActiveCfg = Release|Any CPU
		{0505B1ED-5D14-4353-85E7-51F20D604907}.Release|Any CPU.Build.0 = Release|Any CPU
	EndGlobalSection
	GlobalSection(SolutionProperties) = preSolution
		HideSolutionNode = FALSE
	EndGlobalSection
EndGlobal
